// !$*UTF8*$!
{
	archiveVersion = 1;
	classes = {
	};
	objectVersion = 46;
	objects = {

/* Begin PBXBuildFile section */
		BCDA81BF1DF08C21004ECB63 /* AppDelegate.swift in Sources */ = {isa = PBXBuildFile; fileRef = BCDA81BE1DF08C21004ECB63 /* AppDelegate.swift */; };
		BCDA81C11DF08C21004ECB63 /* ViewController.swift in Sources */ = {isa = PBXBuildFile; fileRef = BCDA81C01DF08C21004ECB63 /* ViewController.swift */; };
		BCDA81C41DF08C21004ECB63 /* Main.storyboard in Resources */ = {isa = PBXBuildFile; fileRef = BCDA81C21DF08C21004ECB63 /* Main.storyboard */; };
		BCDA81C71DF08C21004ECB63 /* PartyRock.xcdatamodeld in Sources */ = {isa = PBXBuildFile; fileRef = BCDA81C51DF08C21004ECB63 /* PartyRock.xcdatamodeld */; };
		BCDA81C91DF08C21004ECB63 /* Assets.xcassets in Resources */ = {isa = PBXBuildFile; fileRef = BCDA81C81DF08C21004ECB63 /* Assets.xcassets */; };
		BCDA81CC1DF08C21004ECB63 /* LaunchScreen.storyboard in Resources */ = {isa = PBXBuildFile; fileRef = BCDA81CA1DF08C21004ECB63 /* LaunchScreen.storyboard */; };
/* End PBXBuildFile section */

/* Begin PBXFileReference section */
		BCDA81BB1DF08C21004ECB63 /* PartyRock.app */ = {isa = PBXFileReference; explicitFileType = wrapper.application; includeInIndex = 0; path = PartyRock.app; sourceTree = BUILT_PRODUCTS_DIR; };
		BCDA81BE1DF08C21004ECB63 /* AppDelegate.swift */ = {isa = PBXFileReference; lastKnownFileType = sourcecode.swift; path = AppDelegate.swift; sourceTree = "<group>"; };
		BCDA81C01DF08C21004ECB63 /* ViewController.swift */ = {isa = PBXFileReference; lastKnownFileType = sourcecode.swift; path = ViewController.swift; sourceTree = "<group>"; };
		BCDA81C31DF08C21004ECB63 /* Base */ = {isa = PBXFileReference; lastKnownFileType = file.storyboard; name = Base; path = Base.lproj/Main.storyboard; sourceTree = "<group>"; };
		BCDA81C61DF08C21004ECB63 /* PartyRock.xcdatamodel */ = {isa = PBXFileReference; lastKnownFileType = wrapper.xcdatamodel; path = PartyRock.xcdatamodel; sourceTree = "<group>"; };
		BCDA81C81DF08C21004ECB63 /* Assets.xcassets */ = {isa = PBXFileReference; lastKnownFileType = folder.assetcatalog; path = Assets.xcassets; sourceTree = "<group>"; };
		BCDA81CB1DF08C21004ECB63 /* Base */ = {isa = PBXFileReference; lastKnownFileType = file.storyboard; name = Base; path = Base.lproj/LaunchScreen.storyboard; sourceTree = "<group>"; };
		BCDA81CD1DF08C21004ECB63 /* Info.plist */ = {isa = PBXFileReference; lastKnownFileType = text.plist.xml; path = Info.plist; sourceTree = "<group>"; };
/* End PBXFileReference section */

/* Begin PBXFrameworksBuildPhase section */
		BCDA81B81DF08C20004ECB63 /* Frameworks */ = {
			isa = PBXFrameworksBuildPhase;
			buildActionMask = 2147483647;
			files = (
			);
			runOnlyForDeploymentPostprocessing = 0;
		};
/* End PBXFrameworksBuildPhase section */

/* Begin PBXGroup section */
		BCDA81B21DF08C20004ECB63 = {
			isa = PBXGroup;
			children = (
				BCDA81BD1DF08C21004ECB63 /* PartyRock */,
				BCDA81BC1DF08C21004ECB63 /* Products */,
			);
			sourceTree = "<group>";
		};
		BCDA81BC1DF08C21004ECB63 /* Products */ = {
			isa = PBXGroup;
			children = (
				BCDA81BB1DF08C21004ECB63 /* PartyRock.app */,
			);
			name = Products;
			sourceTree = "<group>";
		};
		BCDA81BD1DF08C21004ECB63 /* PartyRock */ = {
			isa = PBXGroup;
			children = (
				BCDA81BE1DF08C21004ECB63 /* AppDelegate.swift */,
				BCDA81C01DF08C21004ECB63 /* ViewController.swift */,
				BCDA81C21DF08C21004ECB63 /* Main.storyboard */,
				BCDA81C81DF08C21004ECB63 /* Assets.xcassets */,
				BCDA81CA1DF08C21004ECB63 /* LaunchScreen.storyboard */,
				BCDA81CD1DF08C21004ECB63 /* Info.plist */,
				BCDA81C51DF08C21004ECB63 /* PartyRock.xcdatamodeld */,
			);
			path = PartyRock;
			sourceTree = "<group>";
		};
/* End PBXGroup section */

/* Begin PBXNativeTarget section */
		BCDA81BA1DF08C20004ECB63 /* PartyRock */ = {
			isa = PBXNativeTarget;
			buildConfigurationList = BCDA81D01DF08C21004ECB63 /* Build configuration list for PBXNativeTarget "PartyRock" */;
			buildPhases = (
				BCDA81B71DF08C20004ECB63 /* Sources */,
				BCDA81B81DF08C20004ECB63 /* Frameworks */,
				BCDA81B91DF08C20004ECB63 /* Resources */,
			);
			buildRules = (
			);
			dependencies = (
			);
			name = PartyRock;
			productName = PartyRock;
			productReference = BCDA81BB1DF08C21004ECB63 /* PartyRock.app */;
			productType = "com.apple.product-type.application";
		};
/* End PBXNativeTarget section */

/* Begin PBXProject section */
		BCDA81B31DF08C20004ECB63 /* Project object */ = {
			isa = PBXProject;
			attributes = {
				LastSwiftUpdateCheck = 0810;
				LastUpgradeCheck = 0810;
				ORGANIZATIONNAME = "Carlos Doki";
				TargetAttributes = {
					BCDA81BA1DF08C20004ECB63 = {
						CreatedOnToolsVersion = 8.1;
						DevelopmentTeam = 7984M9FF87;
						ProvisioningStyle = Automatic;
					};
				};
			};
			buildConfigurationList = BCDA81B61DF08C20004ECB63 /* Build configuration list for PBXProject "PartyRock" */;
			compatibilityVersion = "Xcode 3.2";
			developmentRegion = English;
			hasScannedForEncodings = 0;
			knownRegions = (
				en,
				Base,
			);
			mainGroup = BCDA81B21DF08C20004ECB63;
			productRefGroup = BCDA81BC1DF08C21004ECB63 /* Products */;
			projectDirPath = "";
			projectRoot = "";
			targets = (
				BCDA81BA1DF08C20004ECB63 /* PartyRock */,
			);
		};
/* End PBXProject section */

/* Begin PBXResourcesBuildPhase section */
		BCDA81B91DF08C20004ECB63 /* Resources */ = {
			isa = PBXResourcesBuildPhase;
			buildActionMask = 2147483647;
			files = (
				BCDA81CC1DF08C21004ECB63 /* LaunchScreen.storyboard in Resources */,
				BCDA81C91DF08C21004ECB63 /* Assets.xcassets in Resources */,
				BCDA81C41DF08C21004ECB63 /* Main.storyboard in Resources */,
			);
			runOnlyForDeploymentPostprocessing = 0;
		};
/* End PBXResourcesBuildPhase section */

/* Begin PBXSourcesBuildPhase section */
		BCDA81B71DF08C20004ECB63 /* Sources */ = {
			isa = PBXSourcesBuildPhase;
			buildActionMask = 2147483647;
			files = (
				BCDA81C11DF08C21004ECB63 /* ViewController.swift in Sources */,
				BCDA81C71DF08C21004ECB63 /* PartyRock.xcdatamodeld in Sources */,
				BCDA81BF1DF08C21004ECB63 /* AppDelegate.swift in Sources */,
			);
			runOnlyForDeploymentPostprocessing = 0;
		};
/* End PBXSourcesBuildPhase section */

/* Begin PBXVariantGroup section */
		BCDA81C21DF08C21004ECB63 /* Main.storyboard */ = {
			isa = PBXVariantGroup;
			children = (
				BCDA81C31DF08C21004ECB63 /* Base */,
			);
			name = Main.storyboard;
			sourceTree = "<group>";
		};
		BCDA81CA1DF08C21004ECB63 /* LaunchScreen.storyboard */ = {
			isa = PBXVariantGroup;
			children = (
				BCDA81CB1DF08C21004ECB63 /* Base */,
			);
			name = LaunchScreen.storyboard;
			sourceTree = "<group>";
		};
/* End PBXVariantGroup section */

/* Begin XCBuildConfiguration section */
		BCDA81CE1DF08C21004ECB63 /* Debug */ = {
			isa = XCBuildConfiguration;
			buildSettings = {
				ALWAYS_SEARCH_USER_PATHS = NO;
				CLANG_ANALYZER_NONNULL = YES;
				CLANG_CXX_LANGUAGE_STANDARD = "gnu++0x";
				CLANG_CXX_LIBRARY = "libc++";
				CLANG_ENABLE_MODULES = YES;
				CLANG_ENABLE_OBJC_ARC = YES;
				CLANG_WARN_BOOL_CONVERSION = YES;
				CLANG_WARN_CONSTANT_CONVERSION = YES;
				CLANG_WARN_DIRECT_OBJC_ISA_USAGE = YES_ERROR;
				CLANG_WARN_DOCUMENTATION_COMMENTS = YES;
				CLANG_WARN_EMPTY_BODY = YES;
				CLANG_WARN_ENUM_CONVERSION = YES;
				CLANG_WARN_INFINITE_RECURSION = YES;
				CLANG_WARN_INT_CONVERSION = YES;
				CLANG_WARN_OBJC_ROOT_CLASS = YES_ERROR;
				CLANG_WARN_SUSPICIOUS_MOVES = YES;
				CLANG_WARN_UNREACHABLE_CODE = YES;
				CLANG_WARN__DUPLICATE_METHOD_MATCH = YES;
				"CODE_SIGN_IDENTITY[sdk=iphoneos*]" = "iPhone Developer";
				COPY_PHASE_STRIP = NO;
				DEBUG_INFORMATION_FORMAT = dwarf;
				ENABLE_STRICT_OBJC_MSGSEND = YES;
				ENABLE_TESTABILITY = YES;
				GCC_C_LANGUAGE_STANDARD = gnu99;
				GCC_DYNAMIC_NO_PIC = NO;
				GCC_NO_COMMON_BLOCKS = YES;
				GCC_OPTIMIZATION_LEVEL = 0;
				GCC_PREPROCESSOR_DEFINITIONS = (
					"DEBUG=1",
					"$(inherited)",
				);
				GCC_WARN_64_TO_32_BIT_CONVERSION = YES;
				GCC_WARN_ABOUT_RETURN_TYPE = YES_ERROR;
				GCC_WARN_UNDECLARED_SELECTOR = YES;
				GCC_WARN_UNINITIALIZED_AUTOS = YES_AGGRESSIVE;
				GCC_WARN_UNUSED_FUNCTION = YES;
				GCC_WARN_UNUSED_VARIABLE = YES;
				IPHONEOS_DEPLOYMENT_TARGET = 10.1;
				MTL_ENABLE_DEBUG_INFO = YES;
				ONLY_ACTIVE_ARCH = YES;
				SDKROOT = iphoneos;
				SWIFT_ACTIVE_COMPILATION_CONDITIONS = DEBUG;
				SWIFT_OPTIMIZATION_LEVEL = "-Onone";
				TARGETED_DEVICE_FAMILY = "1,2";
			};
			name = Debug;
		};
		BCDA81CF1DF08C21004ECB63 /* Release */ = {
			isa = XCBuildConfiguration;
			buildSettings = {
				ALWAYS_SEARCH_USER_PATHS = NO;
				CLANG_ANALYZER_NONNULL = YES;
				CLANG_CXX_LANGUAGE_STANDARD = "gnu++0x";
				CLANG_CXX_LIBRARY = "libc++";
				CLANG_ENABLE_MODULES = YES;
				CLANG_ENABLE_OBJC_ARC = YES;
				CLANG_WARN_BOOL_CONVERSION = YES;
				CLANG_WARN_CONSTANT_CONVERSION = YES;
				CLANG_WARN_DIRECT_OBJC_ISA_USAGE = YES_ERROR;
				CLANG_WARN_DOCUMENTATION_COMMENTS = YES;
				CLANG_WARN_EMPTY_BODY = YES;
				CLANG_WARN_ENUM_CONVERSION = YES;
				CLANG_WARN_INFINITE_RECURSION = YES;
				CLANG_WARN_INT_CONVERSION = YES;
				CLANG_WARN_OBJC_ROOT_CLASS = YES_ERROR;
				CLANG_WARN_SUSPICIOUS_MOVES = YES;
				CLANG_WARN_UNREACHABLE_CODE = YES;
				CLANG_WARN__DUPLICATE_METHOD_MATCH = YES;
				"CODE_SIGN_IDENTITY[sdk=iphoneos*]" = "iPhone Developer";
				COPY_PHASE_STRIP = NO;
				DEBUG_INFORMATION_FORMAT = "dwarf-with-dsym";
				ENABLE_NS_ASSERTIONS = NO;
				ENABLE_STRICT_OBJC_MSGSEND = YES;
				GCC_C_LANGUAGE_STANDARD = gnu99;
				GCC_NO_COMMON_BLOCKS = YES;
				GCC_WARN_64_TO_32_BIT_CONVERSION = YES;
				GCC_WARN_ABOUT_RETURN_TYPE = YES_ERROR;
				GCC_WARN_UNDECLARED_SELECTOR = YES;
				GCC_WARN_UNINITIALIZED_AUTOS = YES_AGGRESSIVE;
				GCC_WARN_UNUSED_FUNCTION = YES;
				GCC_WARN_UNUSED_VARIABLE = YES;
				IPHONEOS_DEPLOYMENT_TARGET = 10.1;
				MTL_ENABLE_DEBUG_INFO = NO;
				SDKROOT = iphoneos;
				SWIFT_OPTIMIZATION_LEVEL = "-Owholemodule";
				TARGETED_DEVICE_FAMILY = "1,2";
				VALIDATE_PRODUCT = YES;
			};
			name = Release;
		};
		BCDA81D11DF08C21004ECB63 /* Debug */ = {
			isa = XCBuildConfiguration;
			buildSettings = {
				ASSETCATALOG_COMPILER_APPICON_NAME = AppIcon;
				DEVELOPMENT_TEAM = 7984M9FF87;
				INFOPLIST_FILE = PartyRock/Info.plist;
				LD_RUNPATH_SEARCH_PATHS = "$(inherited) @executable_path/Frameworks";
				PRODUCT_BUNDLE_IDENTIFIER = br.com.CarlosDoki.PartyRock;
				PRODUCT_NAME = "$(TARGET_NAME)";
				SWIFT_VERSION = 3.0;
			};
			name = Debug;
		};
		BCDA81D21DF08C21004ECB63 /* Release */ = {
			isa = XCBuildConfiguration;
			buildSettings = {
				ASSETCATALOG_COMPILER_APPICON_NAME = AppIcon;
				DEVELOPMENT_TEAM = 7984M9FF87;
				INFOPLIST_FILE = PartyRock/Info.plist;
				LD_RUNPATH_SEARCH_PATHS = "$(inherited) @executable_path/Frameworks";
				PRODUCT_BUNDLE_IDENTIFIER = br.com.CarlosDoki.PartyRock;
				PRODUCT_NAME = "$(TARGET_NAME)";
				SWIFT_VERSION = 3.0;
			};
			name = Release;
		};
/* End XCBuildConfiguration section */

/* Begin XCConfigurationList section */
		BCDA81B61DF08C20004ECB63 /* Build configuration list for PBXProject "PartyRock" */ = {
			isa = XCConfigurationList;
			buildConfigurations = (
				BCDA81CE1DF08C21004ECB63 /* Debug */,
				BCDA81CF1DF08C21004ECB63 /* Release */,
			);
			defaultConfigurationIsVisible = 0;
			defaultConfigurationName = Release;
		};
		BCDA81D01DF08C21004ECB63 /* Build configuration list for PBXNativeTarget "PartyRock" */ = {
			isa = XCConfigurationList;
			buildConfigurations = (
				BCDA81D11DF08C21004ECB63 /* Debug */,
				BCDA81D21DF08C21004ECB63 /* Release */,
			);
			defaultConfigurationIsVisible = 0;
		};
/* End XCConfigurationList section */

/* Begin XCVersionGroup section */
		BCDA81C51DF08C21004ECB63 /* PartyRock.xcdatamodeld */ = {
			isa = XCVersionGroup;
			children = (
				BCDA81C61DF08C21004ECB63 /* PartyRock.xcdatamodel */,
			);
			currentVersion = BCDA81C61DF08C21004ECB63 /* PartyRock.xcdatamodel */;
			path = PartyRock.xcdatamodeld;
			sourceTree = "<group>";
			versionGroupType = wrapper.xcdatamodel;
		};
/* End XCVersionGroup section */
	};
	rootObject = BCDA81B31DF08C20004ECB63 /* Project object */;
}
